
Microsoft Visual Studio Solution File, Format Version 12.00
# Visual Studio Version 17
VisualStudioVersion = 17.10.34928.147
MinimumVisualStudioVersion = 10.0.40219.1
Project("{FAE04EC0-301F-11D3-BF4B-00C04F79EFBC}") = "NSys", "NSys\NSys.csproj", "{EC0B08E9-9D0F-4240-A547-41A5CED588B9}"
EndProject
Global
	GlobalSection(SolutionConfigurationPlatforms) = preSolution
		Debug|Any CPU = Debug|Any CPU
		Release|Any CPU = Release|Any CPU
	EndGlobalSection
	GlobalSection(ProjectConfigurationPlatforms) = postSolution
		{EC0B08E9-9D0F-4240-A547-41A5CED588B9}.Debug|Any CPU.ActiveCfg = Debug|Any CPU
		{EC0B08E9-9D0F-4240-A547-41A5CED588B9}.Debug|Any CPU.Build.0 = Debug|Any CPU
		{EC0B08E9-9D0F-4240-A547-41A5CED588B9}.Release|Any CPU.ActiveCfg = Release|Any CPU
		{EC0B08E9-9D0F-4240-A547-41A5CED588B9}.Release|Any CPU.Build.0 = Release|Any CPU
	EndGlobalSection
	GlobalSection(SolutionProperties) = preSolution
		HideSolutionNode = FALSE
	EndGlobalSection
	GlobalSection(ExtensibilityGlobals) = postSolution
		SolutionGuid = {24F6C4ED-CF93-4755-8821-A9A3D595F8F1}
	EndGlobalSection
EndGlobal
